
Microsoft Visual Studio Solution File, Format Version 12.00
# Visual Studio Version 17
VisualStudioVersion = 17.14.36930.0 d17.14
MinimumVisualStudioVersion = 10.0.40219.1
Project("{FAE04EC0-301F-11D3-BF4B-00C04F79EFBC}") = "LibraryManagementSystem", "LibraryManagementSystem.csproj", "{6BA0A681-9DEA-4EDE-AD35-83E214A174AE}"
EndProject
Global
	GlobalSection(SolutionConfigurationPlatforms) = preSolution
		Debug|Any CPU = Debug|Any CPU
		Release|Any CPU = Release|Any CPU
	EndGlobalSection
	GlobalSection(ProjectConfigurationPlatforms) = postSolution
		{6BA0A681-9DEA-4EDE-AD35-83E214A174AE}.Debug|Any CPU.ActiveCfg = Debug|Any CPU
		{6BA0A681-9DEA-4EDE-AD35-83E214A174AE}.Debug|Any CPU.Build.0 = Debug|Any CPU
		{6BA0A681-9DEA-4EDE-AD35-83E214A174AE}.Release|Any CPU.ActiveCfg = Release|Any CPU
		{6BA0A681-9DEA-4EDE-AD35-83E214A174AE}.Release|Any CPU.Build.0 = Release|Any CPU
	EndGlobalSection
	GlobalSection(SolutionProperties) = preSolution
		HideSolutionNode = FALSE
	EndGlobalSection
	GlobalSection(ExtensibilityGlobals) = postSolution
		SolutionGuid = {E74F532C-D277-42FC-BB10-D37B12A81AF0}
	EndGlobalSection
EndGlobal
